
Microsoft Visual Studio Solution File, Format Version 12.00
# Visual Studio Version 16
VisualStudioVersion = 16.0.32002.261
MinimumVisualStudioVersion = 10.0.40219.1
Project("{FAE04EC0-301F-11D3-BF4B-00C04F79EFBC}") = "AS2122_4E_inf_Esposito_Gabriel_Verifica", "AS2122_4E_inf_Esposito_Gabriel_Verifica\AS2122_4E_inf_Esposito_Gabriel_Verifica.csproj", "{C12715B0-CD7A-4BDF-A896-A070DB4D86C3}"
EndProject
Global
	GlobalSection(SolutionConfigurationPlatforms) = preSolution
		Debug|Any CPU = Debug|Any CPU
		Release|Any CPU = Release|Any CPU
	EndGlobalSection
	GlobalSection(ProjectConfigurationPlatforms) = postSolution
		{C12715B0-CD7A-4BDF-A896-A070DB4D86C3}.Debug|Any CPU.ActiveCfg = Debug|Any CPU
		{C12715B0-CD7A-4BDF-A896-A070DB4D86C3}.Debug|Any CPU.Build.0 = Debug|Any CPU
		{C12715B0-CD7A-4BDF-A896-A070DB4D86C3}.Release|Any CPU.ActiveCfg = Release|Any CPU
		{C12715B0-CD7A-4BDF-A896-A070DB4D86C3}.Release|Any CPU.Build.0 = Release|Any CPU
	EndGlobalSection
	GlobalSection(SolutionProperties) = preSolution
		HideSolutionNode = FALSE
	EndGlobalSection
	GlobalSection(ExtensibilityGlobals) = postSolution
		SolutionGuid = {35B95ADC-E135-4F33-A6DB-E1BB8C0E7578}
	EndGlobalSection
EndGlobal
